# This file is automatically @generated by Cargo.
# It is not intended for manual editing.
version = 3

[[package]]
name = "aarch64"
version = "0.0.11"
source = "registry+https://github.com/rust-lang/crates.io-index"
checksum = "0adf345d8b4e2861016511db094993ee8a9f74195f55ccf62d1305d35ab91bfa"
dependencies = [
 "aarch64-cpu",
 "tock-registers",
]

[[package]]
name = "aarch64-cpu"
version = "9.4.0"
source = "registry+https://github.com/rust-lang/crates.io-index"
checksum = "ac42a04a61c19fc8196dd728022a784baecc5d63d7e256c01ad1b3fbfab26287"
dependencies = [
 "tock-registers",
]

[[package]]
name = "aarch64-paging"
version = "0.5.0"
source = "registry+https://github.com/rust-lang/crates.io-index"
checksum = "6295f94a52052a64ecf13d5ae2e02d4571d9ff9234fcad4b1f16f1242c85af61"
dependencies = [
 "bitflags",
]

[[package]]
name = "bitflags"
version = "2.5.0"
source = "registry+https://github.com/rust-lang/crates.io-index"
checksum = "cf4b9d6a944f767f8e5e0db018570623c85f3d925ac718db4e06d0187adb21c1"

[[package]]
name = "rust-aarch64-kernel"
version = "0.1.0"
dependencies = [
 "aarch64",
 "aarch64-paging",
]

[[package]]
name = "tock-registers"
version = "0.8.1"
source = "registry+https://github.com/rust-lang/crates.io-index"
checksum = "696941a0aee7e276a165a978b37918fd5d22c55c3d6bda197813070ca9c0f21c"
